{
  "name": "@kryshac/ng-forms",
  "version": "0.0.4",
  "lockfileVersion": 1,
  "requires": true,
  "dependencies": {
    "@angular/forms": {
      "version": "7.2.7",
      "resolved": "https://registry.npmjs.org/@angular/forms/-/forms-7.2.7.tgz",
      "integrity": "sha512-2gBs+BG2cMPsHq9JVEzmu2Ev539zjfHmr6cna2W38KLXeGbNf42rbbMUXpYD8cndY0QTYcnwfMpRNIl9zKRZnw==",
      "dev": true,
      "requires": {
        "tslib": "^1.9.0"
      }
    },
    "tslib": {
      "version": "1.9.3",
      "resolved": "https://registry.npmjs.org/tslib/-/tslib-1.9.3.tgz",
      "integrity": "sha512-4krF8scpejhaOgqzBEcGM7yDIEfi0/8+8zDRZhNZZ2kjmHJ4hv3zCbQWxoJGz1iw5U0Jl0nma13xzHXcncMavQ==",
      "dev": true
    }
  }
}
